github.com/Zyko0/go-sdl3 v0.1.0 h1:3ZfHPpojJLNgbvq0kdE7Wvw/Y65ucDGBUKk8Q1VFFIM=
github.com/Zyko0/go-sdl3 v0.1.0/go.mod h1:3VEPjpzc3a7TqE1XI4RZXokOKrwhCYe5bj1mE3Rot0I=
github.com/Zyko0/purego-gen v0.0.0-20250727121216-3bcd331a1e0c h1:3z1BdpfvUbaP7oXjPabl7STN7zz88S432hZJ8M095kI=
github.com/Zyko0/purego-gen v0.0.0-20250727121216-3bcd331a1e0c/go.mod h1:xpUxPkAb7v0Ffn/NGp1XpD+tZly4dpSPI7DTAFT37es=
github.com/chabad360/go-osc v0.0.0-20220217020417-1229c4fc60a5 h1:TflojXcP1trvcO79pbZfZGqBYhNnSC9hC4saFFhWBzc=
github.com/chabad360/go-osc v0.0.0-20220217020417-1229c4fc60a5/go.mod h1:SxhoJ/QyHpv+WPTqoLtIhjKZMIy0x3QQRdwQ6Ug3nk4=
github.com/denisbrodbeck/machineid v1.0.1 h1:geKr9qtkB876mXguW2X6TU4ZynleN6ezuMSRhl4D7AQ=
github.com/denisbrodbeck/machineid v1.0.1/go.mod h1:dJUwb7PTidGDeYyUBmXZ2GphQBbjJCrnectwCyxcUSI=
github.com/desertbit/timer v0.0.0-20180107155436-c41aec40b27f h1:U5y3Y5UE0w7amNe7Z5G/twsBW0KEalRQXZzf8ufSh9I=
github.com/desertbit/timer v0.0.0-20180107155436-c41aec40b27f/go.mod h1:xH/i4TFMt8koVQZ6WFms69WAsDWr2XsYL3Hkl7jkoLE=
github.com/dvyukov/go-fuzz v0.0.0-20210103155950-6a8e9d1f2415/go.mod h1:11Gm+ccJnvAhCNLlf5+cS9KjtbaD5I5zaZpFMsTHWTw=
github.com/ebitengine/purego v0.10.0 h1:QIw4xfpWT6GWTzaW5XEKy3HXoqrJGx1ijYHzTF0/ISU=
github.com/ebitengine/purego v0.10.0/go.mod h1:iIjxzd6CiRiOG0UyXP+V1+jWqUXVjPKLAI0mRfJZTmQ=
github.com/google/go-cmp v0.3.0 h1:crn/baboCvb5fXaQ0IJ1SGTsTVrWpDsCWC8EGETZijY=
github.com/google/go-cmp v0.3.0/go.mod h1:8QqcDgzrUqlUb/G2PQTWiueGozuR1884gddMywk6iLU=
github.com/husl-colors/husl-go v2.0.0+incompatible/go.mod h1:6cGnkrtJV+Zf2bjiMyhg600DGa1p71KigxStau/ELQw=
github.com/icholy/digest v0.1.15 h1:3vCTbaXcUjF84YlICrP/4FvfVX2TKDKgMheLwNZA+GM=
github.com/icholy/digest v0.1.15/go.mod h1:uLAeDdWKIWNFMH0wqbwchbTQOmJWhzSnL7zmqSPqEEc=
github.com/jessevdk/go-flags v1.4.0 h1:4IU2WS7AumrZ/40jfhf4QVDMsQwqA7VEHozFRrGARJA=
github.com/jessevdk/go-flags v1.4.0/go.mod h1:4FA24M0QyGHXBuZZK/XkWh8h0e1EYbRYJSGM75WSRxI=
github.com/pkg/errors v0.8.1 h1:iURUrRGxPUNPdy5/HRSm+Yj6okJ6UtLINN0Q9M4+h3I=
github.com/pkg/errors v0.8.1/go.mod h1:bwawxfHBFNV+L2hUp1rHADufV3IMtnDRdf1r5NINEl0=
github.com/sigurn/crc16 v0.0.0-20211026045750-20ab5afb07e3 h1:aQKxg3+2p+IFXXg97McgDGT5zcMrQoi0EICZs8Pgchs=
github.com/sigurn/crc16 v0.0.0-20211026045750-20ab5afb07e3/go.mod h1:9/etS5gpQq9BJsJMWg1wpLbfuSnkm8dPF6FdW2JXVhA=
github.com/spf13/pflag v1.0.3/go.mod h1:DYY7MBk1bdzusC3SYhjObp+wFpr4gzcvqqNjLnInEg4=
github.com/stianeikeland/go-rpio/v4 v4.6.0 h1:eAJgtw3jTtvn/CqwbC82ntcS+dtzUTgo5qlZKe677EY=
github.com/stianeikeland/go-rpio/v4 v4.6.0/go.mod h1:A3GvHxC1Om5zaId+HqB3HKqx4K/AqeckxB7qRjxMK7o=
github.com/tarm/serial v0.0.0-20180830185346-98f6abe2eb07 h1:UyzmZLoiDWMRywV4DUYb9Fbt8uiOSooupjTq10vpvnU=
github.com/tarm/serial v0.0.0-20180830185346-98f6abe2eb07/go.mod h1:kDXzergiv9cbyO7IOYJZWg1U88JhDg3PB6klq9Hg2pA=
github.com/veandco/go-sdl2 v0.4.27 h1:p6CbXe7cNxhvR/QhiajEbRpwpCtOuO5VQqqCQW3saUs=
github.com/veandco/go-sdl2 v0.4.27/go.mod h1:OROqMhHD43nT4/i9crJukyVecjPNYYuCofep6SNiAjY=
gitlab.com/Depili/go-osc v0.0.0-20220126123138-cdbd92c9027a h1:X/bHC0TVqulG6+CabRLA6FPMqjiOrS+iTPmwb2OAP9g=
gitlab.com/Depili/go-osc v0.0.0-20220126123138-cdbd92c9027a/go.mod h1:+HVRxPldX24Ju8w8b9QgY+saym8qrSgzVu74NYPBo8E=
gitlab.com/Depili/go-rgb-led-matrix v0.0.0-20170204170814-25b63d4baf68 h1:hz00oF+OBvAVMRRYiOliJhUZgDtsA9Vzfw0wDvLzGhA=
gitlab.com/Depili/go-rgb-led-matrix v0.0.0-20170204170814-25b63d4baf68/go.mod h1:VP0pYqq9Ih2ME+RO2+5TLHpMTJgc3A9HIYRc2KDlzoo=
gitlab.com/Depili/limitimer v0.0.0-20220312082356-1cec6f97c270 h1:x2p5BKKfHpb317BX0TIg34J2ESpUQCOWs9FYEWP6kZ0=
gitlab.com/Depili/limitimer v0.0.0-20220312082356-1cec6f97c270/go.mod h1:S+UiKGBvnUV9TXiixIL78mdccaCdviPOmzwBqVPpHQQ=
gitlab.com/Depili/ubercorn v1.0.0 h1:B5nRBAZq+rGsrS9LWySg4WXCROatMibJrW34s7at07g=
gitlab.com/Depili/ubercorn v1.0.0/go.mod h1:Drmksj7Z9ZD7d31t8LWvzem9LI4HX9D8T2qYSete1Ho=
gitlab.com/clock-8001/futaba_vfd v0.0.0-20240531201016-091b45c8cf5e h1:mo402CKYMlcsy590nFValtzhqzuJodQjU64Ifj3nboQ=
gitlab.com/clock-8001/futaba_vfd v0.0.0-20240531201016-091b45c8cf5e/go.mod h1:aGM3ugGM6wHiut1eR1siSVd12nVZXod0rfS5Hm/Xe10=
golang.org/x/crypto v0.0.0-20190308221718-c2843e01d9a2/go.mod h1:djNgcEr1/C05ACkg1iLfiJU5Ep61QUkGW8qpdssI0+w=
golang.org/x/net v0.0.0-20190311183353-d8887717615a/go.mod h1:t9HGtf8HONx5eT2rtn7q6eTqICYqUVnKs3thJo3Qplg=
golang.org/x/sync v0.0.0-20190423024810-112230192c58/go.mod h1:RxMgew5VJxzue5/jJTE5uejpjVlOe/izrB70Jof72aM=
golang.org/x/sys v0.0.0-20190215142949-d0b11bdaac8a/go.mod h1:STP8DvDyc/dI5b8T5hshtkjS+E42TnysNCUPdjciGhY=
golang.org/x/sys v0.0.0-20211205182925-97ca703d548d h1:FjkYO/PPp4Wi0EAUOVLxePm7qVW4r4ctbWpURyuOD0E=
golang.org/x/sys v0.0.0-20211205182925-97ca703d548d/go.mod h1:oPkhp1MJrh7nUepCBck5+mAzfO9JrbApNNgaTdGDITg=
golang.org/x/sys v0.7.0 h1:3jlCCIQZPdOYu1h8BkNvLz8Kgwtae2cagcG/VamtZRU=
golang.org/x/sys v0.7.0/go.mod h1:oPkhp1MJrh7nUepCBck5+mAzfO9JrbApNNgaTdGDITg=
golang.org/x/text v0.3.0/go.mod h1:NqM8EUOU14njkJ3fqMW+pc6Ldnwhi/IjpwHt7yyuwOQ=
golang.org/x/tools v0.0.0-20190624222133-a101b041ded4/go.mod h1:/rFqwRUd4F7ZHNgwSSTFct+R/Kf4OFW1sUzUTQQTgfc=
gotest.tools/v3 v3.0.2 h1:kG1BFyqVHuQoVQiR1bWGnfz/fmHvvuiSPIV7rvl360E=
gotest.tools/v3 v3.0.2/go.mod h1:3SzNCllyD9/Y+b5r9JIKQ474KzkZyqLqEfYqMsX94Bk=
periph.io/x/conn/v3 v3.6.7 h1:hem/gzoUI0tnvdJOJAk+XLBhqBGX9sHkwShBXRGGy0k=
periph.io/x/conn/v3 v3.6.7/go.mod h1:3OD27w9YVa5DS97VsUxsPGzD9Qrm5Ny7cF5b6xMMIWg=
periph.io/x/host v0.0.1/go.mod h1:ciJdiIdqJlpusUyjb0mKFzlhNJl14eFDJtqtNLnkgr8=
periph.io/x/host/v3 v3.6.7 h1:hUVkGKJ235XocQIRiITxSmP8TT8f27oiN7R2dJkomIE=
periph.io/x/host/v3 v3.6.7/go.mod h1:wO+N7Q6qU1Pp9EXBfyV9t7kPAlvZxYoJl4ptK62qhSY=
periph.io/x/periph v3.6.7+incompatible h1:ZfRdHbcxVekgSJZmxp3873YpxNdWs6wg7waDCF7GB18=
periph.io/x/periph v3.6.7+incompatible/go.mod h1:EWr+FCIU2dBWz5/wSWeiIUJTriYv9v2j2ENBmgYyy7Y=
